
Microsoft Visual Studio Solution File, Format Version 12.00
# Visual Studio 2013
VisualStudioVersion = 12.0.40629.0
MinimumVisualStudioVersion = 10.0.40219.1
Project("{FAE04EC0-301F-11D3-BF4B-00C04F79EFBC}") = "WpfGridTest", "WpfGridTest\WpfGridTest.csproj", "{5F8BED1B-8914-437B-B1B4-1D4339C4FEF0}"
EndProject
Project("{FAE04EC0-301F-11D3-BF4B-00C04F79EFBC}") = "ViewModel", "ViewModel\ViewModel.csproj", "{76CD59BD-C01F-4A63-8845-096ADD1FC506}"
EndProject
Global
	GlobalSection(SolutionConfigurationPlatforms) = preSolution
		Debug|Any CPU = Debug|Any CPU
		Release|Any CPU = Release|Any CPU
	EndGlobalSection
	GlobalSection(ProjectConfigurationPlatforms) = postSolution
		{5F8BED1B-8914-437B-B1B4-1D4339C4FEF0}.Debug|Any CPU.ActiveCfg = Debug|Any CPU
		{5F8BED1B-8914-437B-B1B4-1D4339C4FEF0}.Debug|Any CPU.Build.0 = Debug|Any CPU
		{5F8BED1B-8914-437B-B1B4-1D4339C4FEF0}.Release|Any CPU.ActiveCfg = Release|Any CPU
		{5F8BED1B-8914-437B-B1B4-1D4339C4FEF0}.Release|Any CPU.Build.0 = Release|Any CPU
		{76CD59BD-C01F-4A63-8845-096ADD1FC506}.Debug|Any CPU.ActiveCfg = Debug|Any CPU
		{76CD59BD-C01F-4A63-8845-096ADD1FC506}.Debug|Any CPU.Build.0 = Debug|Any CPU
		{76CD59BD-C01F-4A63-8845-096ADD1FC506}.Release|Any CPU.ActiveCfg = Release|Any CPU
		{76CD59BD-C01F-4A63-8845-096ADD1FC506}.Release|Any CPU.Build.0 = Release|Any CPU
	EndGlobalSection
	GlobalSection(SolutionProperties) = preSolution
		HideSolutionNode = FALSE
	EndGlobalSection
EndGlobal
